
Microsoft Visual Studio Solution File, Format Version 12.00
# Visual Studio Version 16
VisualStudioVersion = 16.0.29403.142
MinimumVisualStudioVersion = 10.0.40219.1
Project("{FAE04EC0-301F-11D3-BF4B-00C04F79EFBC}") = "lab4", "lab4\lab4.csproj", "{A9AA778A-8017-4201-A410-7BCA146B3CDD}"
EndProject
Global
	GlobalSection(SolutionConfigurationPlatforms) = preSolution
		Debug|Any CPU = Debug|Any CPU
		Release|Any CPU = Release|Any CPU
	EndGlobalSection
	GlobalSection(ProjectConfigurationPlatforms) = postSolution
		{A9AA778A-8017-4201-A410-7BCA146B3CDD}.Debug|Any CPU.ActiveCfg = Debug|Any CPU
		{A9AA778A-8017-4201-A410-7BCA146B3CDD}.Debug|Any CPU.Build.0 = Debug|Any CPU
		{A9AA778A-8017-4201-A410-7BCA146B3CDD}.Release|Any CPU.ActiveCfg = Release|Any CPU
		{A9AA778A-8017-4201-A410-7BCA146B3CDD}.Release|Any CPU.Build.0 = Release|Any CPU
	EndGlobalSection
	GlobalSection(SolutionProperties) = preSolution
		HideSolutionNode = FALSE
	EndGlobalSection
	GlobalSection(ExtensibilityGlobals) = postSolution
		SolutionGuid = {E65E625D-3CDB-4386-A267-9B9F7EA3960A}
	EndGlobalSection
EndGlobal
