
Microsoft Visual Studio Solution File, Format Version 12.00
# Visual Studio Version 16
VisualStudioVersion = 16.0.29411.108
MinimumVisualStudioVersion = 10.0.40219.1
Project("{FAE04EC0-301F-11D3-BF4B-00C04F79EFBC}") = "lab7", "lab7\lab7.csproj", "{EC170813-ACB0-4DA5-B6CC-4DD2A6F90720}"
EndProject
Global
	GlobalSection(SolutionConfigurationPlatforms) = preSolution
		Debug|Any CPU = Debug|Any CPU
		Release|Any CPU = Release|Any CPU
	EndGlobalSection
	GlobalSection(ProjectConfigurationPlatforms) = postSolution
		{EC170813-ACB0-4DA5-B6CC-4DD2A6F90720}.Debug|Any CPU.ActiveCfg = Debug|Any CPU
		{EC170813-ACB0-4DA5-B6CC-4DD2A6F90720}.Debug|Any CPU.Build.0 = Debug|Any CPU
		{EC170813-ACB0-4DA5-B6CC-4DD2A6F90720}.Release|Any CPU.ActiveCfg = Release|Any CPU
		{EC170813-ACB0-4DA5-B6CC-4DD2A6F90720}.Release|Any CPU.Build.0 = Release|Any CPU
	EndGlobalSection
	GlobalSection(SolutionProperties) = preSolution
		HideSolutionNode = FALSE
	EndGlobalSection
	GlobalSection(ExtensibilityGlobals) = postSolution
		SolutionGuid = {6A10BC59-1F0D-470E-B72C-10939397B7E3}
	EndGlobalSection
EndGlobal
